
Microsoft Visual Studio Solution File, Format Version 12.00
Project("{FAE04EC0-301F-11D3-BF4B-00C04F79EFBC}") = "Events.API", "Events.API\Events.API.csproj", "{F41A8A93-3AEB-4E55-A240-B8D376885616}"
EndProject
Project("{FAE04EC0-301F-11D3-BF4B-00C04F79EFBC}") = "Events.Data", "Events.Data\Events.Data.csproj", "{709B1B43-A644-456E-9C84-2BCF9FC459D1}"
EndProject
Project("{FAE04EC0-301F-11D3-BF4B-00C04F79EFBC}") = "Events.Services", "Events.Services\Events.Services.csproj", "{534DC17F-B929-4709-96BD-D2DFD5E0B23E}"
EndProject
Global
	GlobalSection(SolutionConfigurationPlatforms) = preSolution
		Debug|Any CPU = Debug|Any CPU
		Release|Any CPU = Release|Any CPU
	EndGlobalSection
	GlobalSection(ProjectConfigurationPlatforms) = postSolution
		{F41A8A93-3AEB-4E55-A240-B8D376885616}.Debug|Any CPU.ActiveCfg = Debug|Any CPU
		{F41A8A93-3AEB-4E55-A240-B8D376885616}.Debug|Any CPU.Build.0 = Debug|Any CPU
		{F41A8A93-3AEB-4E55-A240-B8D376885616}.Release|Any CPU.ActiveCfg = Release|Any CPU
		{F41A8A93-3AEB-4E55-A240-B8D376885616}.Release|Any CPU.Build.0 = Release|Any CPU
		{709B1B43-A644-456E-9C84-2BCF9FC459D1}.Debug|Any CPU.ActiveCfg = Debug|Any CPU
		{709B1B43-A644-456E-9C84-2BCF9FC459D1}.Debug|Any CPU.Build.0 = Debug|Any CPU
		{709B1B43-A644-456E-9C84-2BCF9FC459D1}.Release|Any CPU.ActiveCfg = Release|Any CPU
		{709B1B43-A644-456E-9C84-2BCF9FC459D1}.Release|Any CPU.Build.0 = Release|Any CPU
		{534DC17F-B929-4709-96BD-D2DFD5E0B23E}.Debug|Any CPU.ActiveCfg = Debug|Any CPU
		{534DC17F-B929-4709-96BD-D2DFD5E0B23E}.Debug|Any CPU.Build.0 = Debug|Any CPU
		{534DC17F-B929-4709-96BD-D2DFD5E0B23E}.Release|Any CPU.ActiveCfg = Release|Any CPU
		{534DC17F-B929-4709-96BD-D2DFD5E0B23E}.Release|Any CPU.Build.0 = Release|Any CPU
	EndGlobalSection
EndGlobal
